
Microsoft Visual Studio Solution File, Format Version 12.00
# Visual Studio Version 17
VisualStudioVersion = 17.14.36603.0 d17.14
MinimumVisualStudioVersion = 10.0.40219.1
Project("{FAE04EC0-301F-11D3-BF4B-00C04F79EFBC}") = "API.P.Movies", "API.P.Movies\API.P.Movies.csproj", "{4C8A7A8D-DADE-42A9-A160-37D9B5D605D6}"
EndProject
Global
	GlobalSection(SolutionConfigurationPlatforms) = preSolution
		Debug|Any CPU = Debug|Any CPU
		Release|Any CPU = Release|Any CPU
	EndGlobalSection
	GlobalSection(ProjectConfigurationPlatforms) = postSolution
		{4C8A7A8D-DADE-42A9-A160-37D9B5D605D6}.Debug|Any CPU.ActiveCfg = Debug|Any CPU
		{4C8A7A8D-DADE-42A9-A160-37D9B5D605D6}.Debug|Any CPU.Build.0 = Debug|Any CPU
		{4C8A7A8D-DADE-42A9-A160-37D9B5D605D6}.Release|Any CPU.ActiveCfg = Release|Any CPU
		{4C8A7A8D-DADE-42A9-A160-37D9B5D605D6}.Release|Any CPU.Build.0 = Release|Any CPU
	EndGlobalSection
	GlobalSection(SolutionProperties) = preSolution
		HideSolutionNode = FALSE
	EndGlobalSection
	GlobalSection(ExtensibilityGlobals) = postSolution
		SolutionGuid = {900EF94F-AEEB-41A5-853D-E6A937EFC5E0}
	EndGlobalSection
EndGlobal
